
Microsoft Visual Studio Solution File, Format Version 12.00
# Visual Studio Version 16
VisualStudioVersion = 16.0.33927.289
MinimumVisualStudioVersion = 10.0.40219.1
Project("{FAE04EC0-301F-11D3-BF4B-00C04F79EFBC}") = "ElsoWPF", "ElsoWPF\ElsoWPF.csproj", "{950CF7D6-920C-4FC6-9CD5-D108166EBFAB}"
EndProject
Project("{FAE04EC0-301F-11D3-BF4B-00C04F79EFBC}") = "WPFUIAlapok", "WPFUIAlapok\WPFUIAlapok.csproj", "{DC8A4DEE-BBDA-421C-85E9-3EEFEFDA1737}"
EndProject
Global
	GlobalSection(SolutionConfigurationPlatforms) = preSolution
		Debug|Any CPU = Debug|Any CPU
		Release|Any CPU = Release|Any CPU
	EndGlobalSection
	GlobalSection(ProjectConfigurationPlatforms) = postSolution
		{950CF7D6-920C-4FC6-9CD5-D108166EBFAB}.Debug|Any CPU.ActiveCfg = Debug|Any CPU
		{950CF7D6-920C-4FC6-9CD5-D108166EBFAB}.Debug|Any CPU.Build.0 = Debug|Any CPU
		{950CF7D6-920C-4FC6-9CD5-D108166EBFAB}.Release|Any CPU.ActiveCfg = Release|Any CPU
		{950CF7D6-920C-4FC6-9CD5-D108166EBFAB}.Release|Any CPU.Build.0 = Release|Any CPU
		{DC8A4DEE-BBDA-421C-85E9-3EEFEFDA1737}.Debug|Any CPU.ActiveCfg = Debug|Any CPU
		{DC8A4DEE-BBDA-421C-85E9-3EEFEFDA1737}.Debug|Any CPU.Build.0 = Debug|Any CPU
		{DC8A4DEE-BBDA-421C-85E9-3EEFEFDA1737}.Release|Any CPU.ActiveCfg = Release|Any CPU
		{DC8A4DEE-BBDA-421C-85E9-3EEFEFDA1737}.Release|Any CPU.Build.0 = Release|Any CPU
	EndGlobalSection
	GlobalSection(SolutionProperties) = preSolution
		HideSolutionNode = FALSE
	EndGlobalSection
	GlobalSection(ExtensibilityGlobals) = postSolution
		SolutionGuid = {FEF08984-8481-49FB-82E2-D87342398D54}
	EndGlobalSection
EndGlobal
